
Microsoft Visual Studio Solution File, Format Version 12.00
# Visual Studio Version 16
VisualStudioVersion = 16.0.31515.178
MinimumVisualStudioVersion = 10.0.40219.1
Project("{8BC9CEB8-8B4A-11D0-8D11-00A0C91BC942}") = "LightPeek", "LightPeek.vcxproj", "{E788EA78-D97E-4E2F-A9FC-A51B3461C66A}"
EndProject
Project("{8BC9CEB8-8B4A-11D0-8D11-00A0C91BC942}") = "LightPeekPS", "LightPeekPS\LightPeekPS.vcxproj", "{180341BC-6228-47D2-936A-FE25589856A3}"
	ProjectSection(ProjectDependencies) = postProject
		{E788EA78-D97E-4E2F-A9FC-A51B3461C66A} = {E788EA78-D97E-4E2F-A9FC-A51B3461C66A}
	EndProjectSection
EndProject
Global
	GlobalSection(SolutionConfigurationPlatforms) = preSolution
		Debug|x64 = Debug|x64
		Debug|x86 = Debug|x86
		Release|x64 = Release|x64
		Release|x86 = Release|x86
	EndGlobalSection
	GlobalSection(ProjectConfigurationPlatforms) = postSolution
		{E788EA78-D97E-4E2F-A9FC-A51B3461C66A}.Debug|x64.ActiveCfg = Debug|x64
		{E788EA78-D97E-4E2F-A9FC-A51B3461C66A}.Debug|x64.Build.0 = Debug|x64
		{E788EA78-D97E-4E2F-A9FC-A51B3461C66A}.Debug|x86.ActiveCfg = Debug|Win32
		{E788EA78-D97E-4E2F-A9FC-A51B3461C66A}.Debug|x86.Build.0 = Debug|Win32
		{E788EA78-D97E-4E2F-A9FC-A51B3461C66A}.Release|x64.ActiveCfg = Release|x64
		{E788EA78-D97E-4E2F-A9FC-A51B3461C66A}.Release|x64.Build.0 = Release|x64
		{E788EA78-D97E-4E2F-A9FC-A51B3461C66A}.Release|x86.ActiveCfg = Release|Win32
		{E788EA78-D97E-4E2F-A9FC-A51B3461C66A}.Release|x86.Build.0 = Release|Win32
		{180341BC-6228-47D2-936A-FE25589856A3}.Debug|x64.ActiveCfg = Debug|x64
		{180341BC-6228-47D2-936A-FE25589856A3}.Debug|x86.ActiveCfg = Debug|Win32
		{180341BC-6228-47D2-936A-FE25589856A3}.Release|x64.ActiveCfg = Release|x64
		{180341BC-6228-47D2-936A-FE25589856A3}.Release|x86.ActiveCfg = Release|Win32
	EndGlobalSection
	GlobalSection(SolutionProperties) = preSolution
		HideSolutionNode = FALSE
	EndGlobalSection
	GlobalSection(ExtensibilityGlobals) = postSolution
		SolutionGuid = {FD3917AD-6570-4EE9-85E0-7D1521D6A4FD}
	EndGlobalSection
EndGlobal
